
Microsoft Visual Studio Solution File, Format Version 12.00
# Visual Studio Version 17
VisualStudioVersion = 17.1.32328.378
MinimumVisualStudioVersion = 10.0.40219.1
Project("{FAE04EC0-301F-11D3-BF4B-00C04F79EFBC}") = "AlunoWebApi", "AlunoWebApi\AlunoWebApi.csproj", "{9914467A-CF99-414A-ABE2-BB6F310859F6}"
EndProject
Global
	GlobalSection(SolutionConfigurationPlatforms) = preSolution
		Debug|Any CPU = Debug|Any CPU
		Release|Any CPU = Release|Any CPU
	EndGlobalSection
	GlobalSection(ProjectConfigurationPlatforms) = postSolution
		{9914467A-CF99-414A-ABE2-BB6F310859F6}.Debug|Any CPU.ActiveCfg = Debug|Any CPU
		{9914467A-CF99-414A-ABE2-BB6F310859F6}.Debug|Any CPU.Build.0 = Debug|Any CPU
		{9914467A-CF99-414A-ABE2-BB6F310859F6}.Release|Any CPU.ActiveCfg = Release|Any CPU
		{9914467A-CF99-414A-ABE2-BB6F310859F6}.Release|Any CPU.Build.0 = Release|Any CPU
	EndGlobalSection
	GlobalSection(SolutionProperties) = preSolution
		HideSolutionNode = FALSE
	EndGlobalSection
	GlobalSection(ExtensibilityGlobals) = postSolution
		SolutionGuid = {B8E6FD4A-8EFB-46C5-B990-593E28B99754}
	EndGlobalSection
EndGlobal
